// !$*UTF8*$!
{
	archiveVersion = 1;
	classes = {
	};
	objectVersion = 56;
	objects = {

/* Begin PBXBuildFile section */
		1F2C69732BD51308008F9B94 /* ProfileModel.swift in Sources */ = {isa = PBXBuildFile; fileRef = 1F2C69722BD51308008F9B94 /* ProfileModel.swift */; };
		1F2C69772BD522E6008F9B94 /* ProfileViewModel.swift in Sources */ = {isa = PBXBuildFile; fileRef = 1F2C69762BD522E6008F9B94 /* ProfileViewModel.swift */; };
		1F5189B42BDF7231007E6F96 /* HomeView.swift in Sources */ = {isa = PBXBuildFile; fileRef = 1F5189B32BDF7231007E6F96 /* HomeView.swift */; };
		1F5189B62BDF7238007E6F96 /* AddActivityView.swift in Sources */ = {isa = PBXBuildFile; fileRef = 1F5189B52BDF7238007E6F96 /* AddActivityView.swift */; };
		1F5189B82BDF7241007E6F96 /* MainView.swift in Sources */ = {isa = PBXBuildFile; fileRef = 1F5189B72BDF7241007E6F96 /* MainView.swift */; };
		1FC240132BDFB21D002DE8DC /* MyActivitiesView.swift in Sources */ = {isa = PBXBuildFile; fileRef = 1FC240122BDFB21D002DE8DC /* MyActivitiesView.swift */; };
		1FC240152BDFB441002DE8DC /* MyActivitiesModel.swift in Sources */ = {isa = PBXBuildFile; fileRef = 1FC240142BDFB441002DE8DC /* MyActivitiesModel.swift */; };
		1FDB49102BD4FED600945410 /* keenApp.swift in Sources */ = {isa = PBXBuildFile; fileRef = 1FDB490F2BD4FED600945410 /* keenApp.swift */; };
		1FDB49142BD4FED700945410 /* Assets.xcassets in Resources */ = {isa = PBXBuildFile; fileRef = 1FDB49132BD4FED700945410 /* Assets.xcassets */; };
		1FDB49172BD4FED700945410 /* Preview Assets.xcassets in Resources */ = {isa = PBXBuildFile; fileRef = 1FDB49162BD4FED700945410 /* Preview Assets.xcassets */; };
		1FDB49212BD4FED800945410 /* keen_appTests.swift in Sources */ = {isa = PBXBuildFile; fileRef = 1FDB49202BD4FED800945410 /* keen_appTests.swift */; };
		1FDB492B2BD4FED800945410 /* keen_appUITests.swift in Sources */ = {isa = PBXBuildFile; fileRef = 1FDB492A2BD4FED800945410 /* keen_appUITests.swift */; };
		1FDB492D2BD4FED800945410 /* keen_appUITestsLaunchTests.swift in Sources */ = {isa = PBXBuildFile; fileRef = 1FDB492C2BD4FED800945410 /* keen_appUITestsLaunchTests.swift */; };
		2AB917D92C3292B1008EFB5A /* ProfileView.swift in Sources */ = {isa = PBXBuildFile; fileRef = 1FDB49112BD4FED600945410 /* ProfileView.swift */; };
		707B09B704C6CFE5DE6DBA9B /* Pods_keen_app_keen_appUITests.framework in Frameworks */ = {isa = PBXBuildFile; fileRef = 79A128A9756C77B3BBED7E2B /* Pods_keen_app_keen_appUITests.framework */; };
		B33970DF24A0CA012C6E46A9 /* Pods_keen_appTests.framework in Frameworks */ = {isa = PBXBuildFile; fileRef = F3EB6A03B040050228B5AB90 /* Pods_keen_appTests.framework */; };
		CB6A7B7028091F49CD7D1BDF /* Pods_keen_app.framework in Frameworks */ = {isa = PBXBuildFile; fileRef = 80866F90CC63C31E886B58BF /* Pods_keen_app.framework */; };
/* End PBXBuildFile section */

/* Begin PBXContainerItemProxy section */
		1FDB491D2BD4FED800945410 /* PBXContainerItemProxy */ = {
			isa = PBXContainerItemProxy;
			containerPortal = 1FDB49042BD4FED600945410 /* Project object */;
			proxyType = 1;
			remoteGlobalIDString = 1FDB490B2BD4FED600945410;
			remoteInfo = keen_app;
		};
		1FDB49272BD4FED800945410 /* PBXContainerItemProxy */ = {
			isa = PBXContainerItemProxy;
			containerPortal = 1FDB49042BD4FED600945410 /* Project object */;
			proxyType = 1;
			remoteGlobalIDString = 1FDB490B2BD4FED600945410;
			remoteInfo = keen_app;
		};
/* End PBXContainerItemProxy section */

/* Begin PBXFileReference section */
		02464AEE70208F65996D8C55 /* Pods-keen_app-keen_appUITests.debug.xcconfig */ = {isa = PBXFileReference; includeInIndex = 1; lastKnownFileType = text.xcconfig; name = "Pods-keen_app-keen_appUITests.debug.xcconfig"; path = "Target Support Files/Pods-keen_app-keen_appUITests/Pods-keen_app-keen_appUITests.debug.xcconfig"; sourceTree = "<group>"; };
		16AFF9887F65FEFBB99FBFE5 /* Pods-keen_app-keen_appUITests.release.xcconfig */ = {isa = PBXFileReference; includeInIndex = 1; lastKnownFileType = text.xcconfig; name = "Pods-keen_app-keen_appUITests.release.xcconfig"; path = "Target Support Files/Pods-keen_app-keen_appUITests/Pods-keen_app-keen_appUITests.release.xcconfig"; sourceTree = "<group>"; };
		1F2C69722BD51308008F9B94 /* ProfileModel.swift */ = {isa = PBXFileReference; lastKnownFileType = sourcecode.swift; name = ProfileModel.swift; path = keen_app/ProfileModel.swift; sourceTree = SOURCE_ROOT; };
		1F2C69762BD522E6008F9B94 /* ProfileViewModel.swift */ = {isa = PBXFileReference; lastKnownFileType = sourcecode.swift; name = ProfileViewModel.swift; path = keen_app/ProfileViewModel.swift; sourceTree = SOURCE_ROOT; };
		1F5189B12BDF721F007E6F96 /* MainView.swift */ = {isa = PBXFileReference; fileEncoding = 4; lastKnownFileType = sourcecode.swift; name = MainView.swift; path = keen_app/MainView.swift; sourceTree = SOURCE_ROOT; };
		1F5189B32BDF7231007E6F96 /* HomeView.swift */ = {isa = PBXFileReference; fileEncoding = 4; lastKnownFileType = sourcecode.swift; name = HomeView.swift; path = keen_app/HomeView.swift; sourceTree = SOURCE_ROOT; };
		1F5189B52BDF7238007E6F96 /* AddActivityView.swift */ = {isa = PBXFileReference; fileEncoding = 4; lastKnownFileType = sourcecode.swift; name = AddActivityView.swift; path = keen_app/AddActivityView.swift; sourceTree = SOURCE_ROOT; };
		1F5189B72BDF7241007E6F96 /* MainView.swift */ = {isa = PBXFileReference; fileEncoding = 4; lastKnownFileType = sourcecode.swift; name = MainView.swift; path = keen_app/MainView.swift; sourceTree = SOURCE_ROOT; };
		1FC240122BDFB21D002DE8DC /* MyActivitiesView.swift */ = {isa = PBXFileReference; lastKnownFileType = sourcecode.swift; name = MyActivitiesView.swift; path = keen_app/MyActivitiesView.swift; sourceTree = SOURCE_ROOT; };
		1FC240142BDFB441002DE8DC /* MyActivitiesModel.swift */ = {isa = PBXFileReference; lastKnownFileType = sourcecode.swift; name = MyActivitiesModel.swift; path = keen_app/MyActivitiesModel.swift; sourceTree = SOURCE_ROOT; };
		1FDB490C2BD4FED600945410 /* keen_app.app */ = {isa = PBXFileReference; explicitFileType = wrapper.application; includeInIndex = 0; path = keen_app.app; sourceTree = BUILT_PRODUCTS_DIR; };
		1FDB490F2BD4FED600945410 /* keenApp.swift */ = {isa = PBXFileReference; lastKnownFileType = sourcecode.swift; name = keenApp.swift; path = keen_app/keenApp.swift; sourceTree = SOURCE_ROOT; };
		1FDB49112BD4FED600945410 /* ProfileView.swift */ = {isa = PBXFileReference; lastKnownFileType = sourcecode.swift; name = ProfileView.swift; path = keen_app/ProfileView.swift; sourceTree = SOURCE_ROOT; };
		1FDB49132BD4FED700945410 /* Assets.xcassets */ = {isa = PBXFileReference; lastKnownFileType = folder.assetcatalog; path = Assets.xcassets; sourceTree = "<group>"; };
		1FDB49162BD4FED700945410 /* Preview Assets.xcassets */ = {isa = PBXFileReference; lastKnownFileType = folder.assetcatalog; path = "Preview Assets.xcassets"; sourceTree = "<group>"; };
		1FDB491C2BD4FED800945410 /* keen_appTests.xctest */ = {isa = PBXFileReference; explicitFileType = wrapper.cfbundle; includeInIndex = 0; path = keen_appTests.xctest; sourceTree = BUILT_PRODUCTS_DIR; };
		1FDB49202BD4FED800945410 /* keen_appTests.swift */ = {isa = PBXFileReference; lastKnownFileType = sourcecode.swift; path = keen_appTests.swift; sourceTree = "<group>"; };
		1FDB49262BD4FED800945410 /* keen_appUITests.xctest */ = {isa = PBXFileReference; explicitFileType = wrapper.cfbundle; includeInIndex = 0; path = keen_appUITests.xctest; sourceTree = BUILT_PRODUCTS_DIR; };
		1FDB492A2BD4FED800945410 /* keen_appUITests.swift */ = {isa = PBXFileReference; lastKnownFileType = sourcecode.swift; path = keen_appUITests.swift; sourceTree = "<group>"; };
		1FDB492C2BD4FED800945410 /* keen_appUITestsLaunchTests.swift */ = {isa = PBXFileReference; lastKnownFileType = sourcecode.swift; path = keen_appUITestsLaunchTests.swift; sourceTree = "<group>"; };
		3E00FC59407309CBD2EDE41A /* Pods-keen_app.debug.xcconfig */ = {isa = PBXFileReference; includeInIndex = 1; lastKnownFileType = text.xcconfig; name = "Pods-keen_app.debug.xcconfig"; path = "Target Support Files/Pods-keen_app/Pods-keen_app.debug.xcconfig"; sourceTree = "<group>"; };
		76DC03338C34F3B4AA8B063A /* Pods-keen_appTests.debug.xcconfig */ = {isa = PBXFileReference; includeInIndex = 1; lastKnownFileType = text.xcconfig; name = "Pods-keen_appTests.debug.xcconfig"; path = "Target Support Files/Pods-keen_appTests/Pods-keen_appTests.debug.xcconfig"; sourceTree = "<group>"; };
		79A128A9756C77B3BBED7E2B /* Pods_keen_app_keen_appUITests.framework */ = {isa = PBXFileReference; explicitFileType = wrapper.framework; includeInIndex = 0; path = Pods_keen_app_keen_appUITests.framework; sourceTree = BUILT_PRODUCTS_DIR; };
		80866F90CC63C31E886B58BF /* Pods_keen_app.framework */ = {isa = PBXFileReference; explicitFileType = wrapper.framework; includeInIndex = 0; path = Pods_keen_app.framework; sourceTree = BUILT_PRODUCTS_DIR; };
		E36712E6ED1BEB6A4C3C4028 /* Pods-keen_app.release.xcconfig */ = {isa = PBXFileReference; includeInIndex = 1; lastKnownFileType = text.xcconfig; name = "Pods-keen_app.release.xcconfig"; path = "Target Support Files/Pods-keen_app/Pods-keen_app.release.xcconfig"; sourceTree = "<group>"; };
		F3EB6A03B040050228B5AB90 /* Pods_keen_appTests.framework */ = {isa = PBXFileReference; explicitFileType = wrapper.framework; includeInIndex = 0; path = Pods_keen_appTests.framework; sourceTree = BUILT_PRODUCTS_DIR; };
		F42C9DE372A484BB65202EC5 /* Pods-keen_appTests.release.xcconfig */ = {isa = PBXFileReference; includeInIndex = 1; lastKnownFileType = text.xcconfig; name = "Pods-keen_appTests.release.xcconfig"; path = "Target Support Files/Pods-keen_appTests/Pods-keen_appTests.release.xcconfig"; sourceTree = "<group>"; };
/* End PBXFileReference section */

/* Begin PBXFrameworksBuildPhase section */
		1FDB49092BD4FED600945410 /* Frameworks */ = {
			isa = PBXFrameworksBuildPhase;
			buildActionMask = 2147483647;
			files = (
				CB6A7B7028091F49CD7D1BDF /* Pods_keen_app.framework in Frameworks */,
			);
			runOnlyForDeploymentPostprocessing = 0;
		};
		1FDB49192BD4FED800945410 /* Frameworks */ = {
			isa = PBXFrameworksBuildPhase;
			buildActionMask = 2147483647;
			files = (
				B33970DF24A0CA012C6E46A9 /* Pods_keen_appTests.framework in Frameworks */,
			);
			runOnlyForDeploymentPostprocessing = 0;
		};
		1FDB49232BD4FED800945410 /* Frameworks */ = {
			isa = PBXFrameworksBuildPhase;
			buildActionMask = 2147483647;
			files = (
				707B09B704C6CFE5DE6DBA9B /* Pods_keen_app_keen_appUITests.framework in Frameworks */,
			);
			runOnlyForDeploymentPostprocessing = 0;
		};
/* End PBXFrameworksBuildPhase section */

/* Begin PBXGroup section */
		1FDB49032BD4FED600945410 = {
			isa = PBXGroup;
			children = (
				1FDB490E2BD4FED600945410 /* keen_app */,
				1FDB491F2BD4FED800945410 /* keen_appTests */,
				1FDB49292BD4FED800945410 /* keen_appUITests */,
				1FDB490D2BD4FED600945410 /* Products */,
				7ADC3BB5351436369973EE3B /* Pods */,
				230CD2D2CDCDE08816B2AF43 /* Frameworks */,
			);
			sourceTree = "<group>";
		};
		1FDB490D2BD4FED600945410 /* Products */ = {
			isa = PBXGroup;
			children = (
				1FDB490C2BD4FED600945410 /* keen_app.app */,
				1FDB491C2BD4FED800945410 /* keen_appTests.xctest */,
				1FDB49262BD4FED800945410 /* keen_appUITests.xctest */,
			);
			name = Products;
			sourceTree = "<group>";
		};
		1FDB490E2BD4FED600945410 /* keen_app */ = {
			isa = PBXGroup;
			children = (
				1FDB490F2BD4FED600945410 /* keenApp.swift */,
				1F5189B72BDF7241007E6F96 /* MainView.swift */,
				1F5189B52BDF7238007E6F96 /* AddActivityView.swift */,
				1FC240122BDFB21D002DE8DC /* MyActivitiesView.swift */,
				1FC240142BDFB441002DE8DC /* MyActivitiesModel.swift */,
				1F5189B32BDF7231007E6F96 /* HomeView.swift */,
				1FDB49112BD4FED600945410 /* ProfileView.swift */,
				1F2C69722BD51308008F9B94 /* ProfileModel.swift */,
				1F2C69762BD522E6008F9B94 /* ProfileViewModel.swift */,
				1FDB49132BD4FED700945410 /* Assets.xcassets */,
				1FDB49152BD4FED700945410 /* Preview Content */,
			);
			path = keen_app;
			sourceTree = "<group>";
		};
		1FDB49152BD4FED700945410 /* Preview Content */ = {
			isa = PBXGroup;
			children = (
				1FDB49162BD4FED700945410 /* Preview Assets.xcassets */,
			);
			path = "Preview Content";
			sourceTree = "<group>";
		};
		1FDB491F2BD4FED800945410 /* keen_appTests */ = {
			isa = PBXGroup;
			children = (
				1FDB49202BD4FED800945410 /* keen_appTests.swift */,
			);
			path = keen_appTests;
			sourceTree = "<group>";
		};
		1FDB49292BD4FED800945410 /* keen_appUITests */ = {
			isa = PBXGroup;
			children = (
				1F5189B12BDF721F007E6F96 /* MainView.swift */,
				1FDB492A2BD4FED800945410 /* keen_appUITests.swift */,
				1FDB492C2BD4FED800945410 /* keen_appUITestsLaunchTests.swift */,
			);
			path = keen_appUITests;
			sourceTree = "<group>";
		};
		230CD2D2CDCDE08816B2AF43 /* Frameworks */ = {
			isa = PBXGroup;
			children = (
				80866F90CC63C31E886B58BF /* Pods_keen_app.framework */,
				79A128A9756C77B3BBED7E2B /* Pods_keen_app_keen_appUITests.framework */,
				F3EB6A03B040050228B5AB90 /* Pods_keen_appTests.framework */,
			);
			name = Frameworks;
			sourceTree = "<group>";
		};
		7ADC3BB5351436369973EE3B /* Pods */ = {
			isa = PBXGroup;
			children = (
				3E00FC59407309CBD2EDE41A /* Pods-keen_app.debug.xcconfig */,
				E36712E6ED1BEB6A4C3C4028 /* Pods-keen_app.release.xcconfig */,
				02464AEE70208F65996D8C55 /* Pods-keen_app-keen_appUITests.debug.xcconfig */,
				16AFF9887F65FEFBB99FBFE5 /* Pods-keen_app-keen_appUITests.release.xcconfig */,
				76DC03338C34F3B4AA8B063A /* Pods-keen_appTests.debug.xcconfig */,
				F42C9DE372A484BB65202EC5 /* Pods-keen_appTests.release.xcconfig */,
			);
			path = Pods;
			sourceTree = "<group>";
		};
/* End PBXGroup section */

/* Begin PBXNativeTarget section */
		1FDB490B2BD4FED600945410 /* keen_app */ = {
			isa = PBXNativeTarget;
			buildConfigurationList = 1FDB49302BD4FED800945410 /* Build configuration list for PBXNativeTarget "keen_app" */;
			buildPhases = (
				A742FC7B9581BD9B3FF766E5 /* [CP] Check Pods Manifest.lock */,
				1FDB49082BD4FED600945410 /* Sources */,
				1FDB49092BD4FED600945410 /* Frameworks */,
				1FDB490A2BD4FED600945410 /* Resources */,
				3219D71B3E9CCC545D3D74DE /* [CP] Embed Pods Frameworks */,
			);
			buildRules = (
			);
			dependencies = (
			);
			name = keen_app;
			productName = keen_app;
			productReference = 1FDB490C2BD4FED600945410 /* keen_app.app */;
			productType = "com.apple.product-type.application";
		};
		1FDB491B2BD4FED800945410 /* keen_appTests */ = {
			isa = PBXNativeTarget;
			buildConfigurationList = 1FDB49332BD4FED800945410 /* Build configuration list for PBXNativeTarget "keen_appTests" */;
			buildPhases = (
				B4133026C17514205282C85B /* [CP] Check Pods Manifest.lock */,
				1FDB49182BD4FED800945410 /* Sources */,
				1FDB49192BD4FED800945410 /* Frameworks */,
				1FDB491A2BD4FED800945410 /* Resources */,
			);
			buildRules = (
			);
			dependencies = (
				1FDB491E2BD4FED800945410 /* PBXTargetDependency */,
			);
			name = keen_appTests;
			productName = keen_appTests;
			productReference = 1FDB491C2BD4FED800945410 /* keen_appTests.xctest */;
			productType = "com.apple.product-type.bundle.unit-test";
		};
		1FDB49252BD4FED800945410 /* keen_appUITests */ = {
			isa = PBXNativeTarget;
			buildConfigurationList = 1FDB49362BD4FED800945410 /* Build configuration list for PBXNativeTarget "keen_appUITests" */;
			buildPhases = (
				3DFFE592AA2CB3DEDF8406FA /* [CP] Check Pods Manifest.lock */,
				1FDB49222BD4FED800945410 /* Sources */,
				1FDB49232BD4FED800945410 /* Frameworks */,
				1FDB49242BD4FED800945410 /* Resources */,
				13C31212707D41D44C97E743 /* [CP] Embed Pods Frameworks */,
			);
			buildRules = (
			);
			dependencies = (
				1FDB49282BD4FED800945410 /* PBXTargetDependency */,
			);
			name = keen_appUITests;
			productName = keen_appUITests;
			productReference = 1FDB49262BD4FED800945410 /* keen_appUITests.xctest */;
			productType = "com.apple.product-type.bundle.ui-testing";
		};
/* End PBXNativeTarget section */

/* Begin PBXProject section */
		1FDB49042BD4FED600945410 /* Project object */ = {
			isa = PBXProject;
			attributes = {
				BuildIndependentTargetsInParallel = 1;
				LastSwiftUpdateCheck = 1520;
				LastUpgradeCheck = 1530;
				TargetAttributes = {
					1FDB490B2BD4FED600945410 = {
						CreatedOnToolsVersion = 15.2;
					};
					1FDB491B2BD4FED800945410 = {
						CreatedOnToolsVersion = 15.2;
						TestTargetID = 1FDB490B2BD4FED600945410;
					};
					1FDB49252BD4FED800945410 = {
						CreatedOnToolsVersion = 15.2;
						TestTargetID = 1FDB490B2BD4FED600945410;
					};
				};
			};
			buildConfigurationList = 1FDB49072BD4FED600945410 /* Build configuration list for PBXProject "keen_app" */;
			compatibilityVersion = "Xcode 14.0";
			developmentRegion = en;
			hasScannedForEncodings = 0;
			knownRegions = (
				en,
				Base,
			);
			mainGroup = 1FDB49032BD4FED600945410;
			productRefGroup = 1FDB490D2BD4FED600945410 /* Products */;
			projectDirPath = "";
			projectRoot = "";
			targets = (
				1FDB490B2BD4FED600945410 /* keen_app */,
				1FDB491B2BD4FED800945410 /* keen_appTests */,
				1FDB49252BD4FED800945410 /* keen_appUITests */,
			);
		};
/* End PBXProject section */

/* Begin PBXResourcesBuildPhase section */
		1FDB490A2BD4FED600945410 /* Resources */ = {
			isa = PBXResourcesBuildPhase;
			buildActionMask = 2147483647;
			files = (
				1FDB49172BD4FED700945410 /* Preview Assets.xcassets in Resources */,
				1FDB49142BD4FED700945410 /* Assets.xcassets in Resources */,
			);
			runOnlyForDeploymentPostprocessing = 0;
		};
		1FDB491A2BD4FED800945410 /* Resources */ = {
			isa = PBXResourcesBuildPhase;
			buildActionMask = 2147483647;
			files = (
			);
			runOnlyForDeploymentPostprocessing = 0;
		};
		1FDB49242BD4FED800945410 /* Resources */ = {
			isa = PBXResourcesBuildPhase;
			buildActionMask = 2147483647;
			files = (
			);
			runOnlyForDeploymentPostprocessing = 0;
		};
/* End PBXResourcesBuildPhase section */

/* Begin PBXShellScriptBuildPhase section */
		13C31212707D41D44C97E743 /* [CP] Embed Pods Frameworks */ = {
			isa = PBXShellScriptBuildPhase;
			buildActionMask = 2147483647;
			files = (
			);
			inputFileListPaths = (
				"${PODS_ROOT}/Target Support Files/Pods-keen_app-keen_appUITests/Pods-keen_app-keen_appUITests-frameworks-${CONFIGURATION}-input-files.xcfilelist",
			);
			name = "[CP] Embed Pods Frameworks";
			outputFileListPaths = (
				"${PODS_ROOT}/Target Support Files/Pods-keen_app-keen_appUITests/Pods-keen_app-keen_appUITests-frameworks-${CONFIGURATION}-output-files.xcfilelist",
			);
			runOnlyForDeploymentPostprocessing = 0;
			shellPath = /bin/sh;
			shellScript = "\"${PODS_ROOT}/Target Support Files/Pods-keen_app-keen_appUITests/Pods-keen_app-keen_appUITests-frameworks.sh\"\n";
			showEnvVarsInLog = 0;
		};
		3219D71B3E9CCC545D3D74DE /* [CP] Embed Pods Frameworks */ = {
			isa = PBXShellScriptBuildPhase;
			buildActionMask = 2147483647;
			files = (
			);
			inputFileListPaths = (
				"${PODS_ROOT}/Target Support Files/Pods-keen_app/Pods-keen_app-frameworks-${CONFIGURATION}-input-files.xcfilelist",
			);
			name = "[CP] Embed Pods Frameworks";
			outputFileListPaths = (
				"${PODS_ROOT}/Target Support Files/Pods-keen_app/Pods-keen_app-frameworks-${CONFIGURATION}-output-files.xcfilelist",
			);
			runOnlyForDeploymentPostprocessing = 0;
			shellPath = /bin/sh;
			shellScript = "\"${PODS_ROOT}/Target Support Files/Pods-keen_app/Pods-keen_app-frameworks.sh\"\n";
			showEnvVarsInLog = 0;
		};
		3DFFE592AA2CB3DEDF8406FA /* [CP] Check Pods Manifest.lock */ = {
			isa = PBXShellScriptBuildPhase;
			buildActionMask = 2147483647;
			files = (
			);
			inputFileListPaths = (
			);
			inputPaths = (
				"${PODS_PODFILE_DIR_PATH}/Podfile.lock",
				"${PODS_ROOT}/Manifest.lock",
			);
			name = "[CP] Check Pods Manifest.lock";
			outputFileListPaths = (
			);
			outputPaths = (
				"$(DERIVED_FILE_DIR)/Pods-keen_app-keen_appUITests-checkManifestLockResult.txt",
			);
			runOnlyForDeploymentPostprocessing = 0;
			shellPath = /bin/sh;
			shellScript = "diff \"${PODS_PODFILE_DIR_PATH}/Podfile.lock\" \"${PODS_ROOT}/Manifest.lock\" > /dev/null\nif [ $? != 0 ] ; then\n    # print error to STDERR\n    echo \"error: The sandbox is not in sync with the Podfile.lock. Run 'pod install' or update your CocoaPods installation.\" >&2\n    exit 1\nfi\n# This output is used by Xcode 'outputs' to avoid re-running this script phase.\necho \"SUCCESS\" > \"${SCRIPT_OUTPUT_FILE_0}\"\n";
			showEnvVarsInLog = 0;
		};
		A742FC7B9581BD9B3FF766E5 /* [CP] Check Pods Manifest.lock */ = {
			isa = PBXShellScriptBuildPhase;
			buildActionMask = 2147483647;
			files = (
			);
			inputFileListPaths = (
			);
			inputPaths = (
				"${PODS_PODFILE_DIR_PATH}/Podfile.lock",
				"${PODS_ROOT}/Manifest.lock",
			);
			name = "[CP] Check Pods Manifest.lock";
			outputFileListPaths = (
			);
			outputPaths = (
				"$(DERIVED_FILE_DIR)/Pods-keen_app-checkManifestLockResult.txt",
			);
			runOnlyForDeploymentPostprocessing = 0;
			shellPath = /bin/sh;
			shellScript = "diff \"${PODS_PODFILE_DIR_PATH}/Podfile.lock\" \"${PODS_ROOT}/Manifest.lock\" > /dev/null\nif [ $? != 0 ] ; then\n    # print error to STDERR\n    echo \"error: The sandbox is not in sync with the Podfile.lock. Run 'pod install' or update your CocoaPods installation.\" >&2\n    exit 1\nfi\n# This output is used by Xcode 'outputs' to avoid re-running this script phase.\necho \"SUCCESS\" > \"${SCRIPT_OUTPUT_FILE_0}\"\n";
			showEnvVarsInLog = 0;
		};
		B4133026C17514205282C85B /* [CP] Check Pods Manifest.lock */ = {
			isa = PBXShellScriptBuildPhase;
			buildActionMask = 2147483647;
			files = (
			);
			inputFileListPaths = (
			);
			inputPaths = (
				"${PODS_PODFILE_DIR_PATH}/Podfile.lock",
				"${PODS_ROOT}/Manifest.lock",
			);
			name = "[CP] Check Pods Manifest.lock";
			outputFileListPaths = (
			);
			outputPaths = (
				"$(DERIVED_FILE_DIR)/Pods-keen_appTests-checkManifestLockResult.txt",
			);
			runOnlyForDeploymentPostprocessing = 0;
			shellPath = /bin/sh;
			shellScript = "diff \"${PODS_PODFILE_DIR_PATH}/Podfile.lock\" \"${PODS_ROOT}/Manifest.lock\" > /dev/null\nif [ $? != 0 ] ; then\n    # print error to STDERR\n    echo \"error: The sandbox is not in sync with the Podfile.lock. Run 'pod install' or update your CocoaPods installation.\" >&2\n    exit 1\nfi\n# This output is used by Xcode 'outputs' to avoid re-running this script phase.\necho \"SUCCESS\" > \"${SCRIPT_OUTPUT_FILE_0}\"\n";
			showEnvVarsInLog = 0;
		};
/* End PBXShellScriptBuildPhase section */

/* Begin PBXSourcesBuildPhase section */
		1FDB49082BD4FED600945410 /* Sources */ = {
			isa = PBXSourcesBuildPhase;
			buildActionMask = 2147483647;
			files = (
				1F5189B82BDF7241007E6F96 /* MainView.swift in Sources */,
				2AB917D92C3292B1008EFB5A /* ProfileView.swift in Sources */,
				1F5189B62BDF7238007E6F96 /* AddActivityView.swift in Sources */,
				1F2C69732BD51308008F9B94 /* ProfileModel.swift in Sources */,
				1F2C69772BD522E6008F9B94 /* ProfileViewModel.swift in Sources */,
				1F5189B42BDF7231007E6F96 /* HomeView.swift in Sources */,
				1FC240152BDFB441002DE8DC /* MyActivitiesModel.swift in Sources */,
				1FC240132BDFB21D002DE8DC /* MyActivitiesView.swift in Sources */,
				1FDB49102BD4FED600945410 /* keenApp.swift in Sources */,
			);
			runOnlyForDeploymentPostprocessing = 0;
		};
		1FDB49182BD4FED800945410 /* Sources */ = {
			isa = PBXSourcesBuildPhase;
			buildActionMask = 2147483647;
			files = (
				1FDB49212BD4FED800945410 /* keen_appTests.swift in Sources */,
			);
			runOnlyForDeploymentPostprocessing = 0;
		};
		1FDB49222BD4FED800945410 /* Sources */ = {
			isa = PBXSourcesBuildPhase;
			buildActionMask = 2147483647;
			files = (
				1FDB492D2BD4FED800945410 /* keen_appUITestsLaunchTests.swift in Sources */,
				1FDB492B2BD4FED800945410 /* keen_appUITests.swift in Sources */,
			);
			runOnlyForDeploymentPostprocessing = 0;
		};
/* End PBXSourcesBuildPhase section */

/* Begin PBXTargetDependency section */
		1FDB491E2BD4FED800945410 /* PBXTargetDependency */ = {
			isa = PBXTargetDependency;
			target = 1FDB490B2BD4FED600945410 /* keen_app */;
			targetProxy = 1FDB491D2BD4FED800945410 /* PBXContainerItemProxy */;
		};
		1FDB49282BD4FED800945410 /* PBXTargetDependency */ = {
			isa = PBXTargetDependency;
			target = 1FDB490B2BD4FED600945410 /* keen_app */;
			targetProxy = 1FDB49272BD4FED800945410 /* PBXContainerItemProxy */;
		};
/* End PBXTargetDependency section */

/* Begin XCBuildConfiguration section */
		1FDB492E2BD4FED800945410 /* Debug */ = {
			isa = XCBuildConfiguration;
			buildSettings = {
				ALWAYS_SEARCH_USER_PATHS = NO;
				ASSETCATALOG_COMPILER_GENERATE_SWIFT_ASSET_SYMBOL_EXTENSIONS = YES;
				CLANG_ANALYZER_NONNULL = YES;
				CLANG_ANALYZER_NUMBER_OBJECT_CONVERSION = YES_AGGRESSIVE;
				CLANG_CXX_LANGUAGE_STANDARD = "gnu++20";
				CLANG_ENABLE_MODULES = YES;
				CLANG_ENABLE_OBJC_ARC = YES;
				CLANG_ENABLE_OBJC_WEAK = YES;
				CLANG_WARN_BLOCK_CAPTURE_AUTORELEASING = YES;
				CLANG_WARN_BOOL_CONVERSION = YES;
				CLANG_WARN_COMMA = YES;
				CLANG_WARN_CONSTANT_CONVERSION = YES;
				CLANG_WARN_DEPRECATED_OBJC_IMPLEMENTATIONS = YES;
				CLANG_WARN_DIRECT_OBJC_ISA_USAGE = YES_ERROR;
				CLANG_WARN_DOCUMENTATION_COMMENTS = YES;
				CLANG_WARN_EMPTY_BODY = YES;
				CLANG_WARN_ENUM_CONVERSION = YES;
				CLANG_WARN_INFINITE_RECURSION = YES;
				CLANG_WARN_INT_CONVERSION = YES;
				CLANG_WARN_NON_LITERAL_NULL_CONVERSION = YES;
				CLANG_WARN_OBJC_IMPLICIT_RETAIN_SELF = YES;
				CLANG_WARN_OBJC_LITERAL_CONVERSION = YES;
				CLANG_WARN_OBJC_ROOT_CLASS = YES_ERROR;
				CLANG_WARN_QUOTED_INCLUDE_IN_FRAMEWORK_HEADER = YES;
				CLANG_WARN_RANGE_LOOP_ANALYSIS = YES;
				CLANG_WARN_STRICT_PROTOTYPES = YES;
				CLANG_WARN_SUSPICIOUS_MOVE = YES;
				CLANG_WARN_UNGUARDED_AVAILABILITY = YES_AGGRESSIVE;
				CLANG_WARN_UNREACHABLE_CODE = YES;
				CLANG_WARN__DUPLICATE_METHOD_MATCH = YES;
				COPY_PHASE_STRIP = NO;
				DEBUG_INFORMATION_FORMAT = dwarf;
				ENABLE_STRICT_OBJC_MSGSEND = YES;
				ENABLE_TESTABILITY = YES;
				ENABLE_USER_SCRIPT_SANDBOXING = NO;
				GCC_C_LANGUAGE_STANDARD = gnu17;
				GCC_DYNAMIC_NO_PIC = NO;
				GCC_NO_COMMON_BLOCKS = YES;
				GCC_OPTIMIZATION_LEVEL = 0;
				GCC_PREPROCESSOR_DEFINITIONS = (
					"DEBUG=1",
					"$(inherited)",
				);
				GCC_WARN_64_TO_32_BIT_CONVERSION = YES;
				GCC_WARN_ABOUT_RETURN_TYPE = YES_ERROR;
				GCC_WARN_UNDECLARED_SELECTOR = YES;
				GCC_WARN_UNINITIALIZED_AUTOS = YES_AGGRESSIVE;
				GCC_WARN_UNUSED_FUNCTION = YES;
				GCC_WARN_UNUSED_VARIABLE = YES;
				IPHONEOS_DEPLOYMENT_TARGET = 17.2;
				LOCALIZATION_PREFERS_STRING_CATALOGS = YES;
				MTL_ENABLE_DEBUG_INFO = INCLUDE_SOURCE;
				MTL_FAST_MATH = YES;
				ONLY_ACTIVE_ARCH = YES;
				SDKROOT = iphoneos;
				SWIFT_ACTIVE_COMPILATION_CONDITIONS = "DEBUG $(inherited)";
				SWIFT_OPTIMIZATION_LEVEL = "-Onone";
			};
			name = Debug;
		};
		1FDB492F2BD4FED800945410 /* Release */ = {
			isa = XCBuildConfiguration;
			buildSettings = {
				ALWAYS_SEARCH_USER_PATHS = NO;
				ASSETCATALOG_COMPILER_GENERATE_SWIFT_ASSET_SYMBOL_EXTENSIONS = YES;
				CLANG_ANALYZER_NONNULL = YES;
				CLANG_ANALYZER_NUMBER_OBJECT_CONVERSION = YES_AGGRESSIVE;
				CLANG_CXX_LANGUAGE_STANDARD = "gnu++20";
				CLANG_ENABLE_MODULES = YES;
				CLANG_ENABLE_OBJC_ARC = YES;
				CLANG_ENABLE_OBJC_WEAK = YES;
				CLANG_WARN_BLOCK_CAPTURE_AUTORELEASING = YES;
				CLANG_WARN_BOOL_CONVERSION = YES;
				CLANG_WARN_COMMA = YES;
				CLANG_WARN_CONSTANT_CONVERSION = YES;
				CLANG_WARN_DEPRECATED_OBJC_IMPLEMENTATIONS = YES;
				CLANG_WARN_DIRECT_OBJC_ISA_USAGE = YES_ERROR;
				CLANG_WARN_DOCUMENTATION_COMMENTS = YES;
				CLANG_WARN_EMPTY_BODY = YES;
				CLANG_WARN_ENUM_CONVERSION = YES;
				CLANG_WARN_INFINITE_RECURSION = YES;
				CLANG_WARN_INT_CONVERSION = YES;
				CLANG_WARN_NON_LITERAL_NULL_CONVERSION = YES;
				CLANG_WARN_OBJC_IMPLICIT_RETAIN_SELF = YES;
				CLANG_WARN_OBJC_LITERAL_CONVERSION = YES;
				CLANG_WARN_OBJC_ROOT_CLASS = YES_ERROR;
				CLANG_WARN_QUOTED_INCLUDE_IN_FRAMEWORK_HEADER = YES;
				CLANG_WARN_RANGE_LOOP_ANALYSIS = YES;
				CLANG_WARN_STRICT_PROTOTYPES = YES;
				CLANG_WARN_SUSPICIOUS_MOVE = YES;
				CLANG_WARN_UNGUARDED_AVAILABILITY = YES_AGGRESSIVE;
				CLANG_WARN_UNREACHABLE_CODE = YES;
				CLANG_WARN__DUPLICATE_METHOD_MATCH = YES;
				COPY_PHASE_STRIP = NO;
				DEBUG_INFORMATION_FORMAT = "dwarf-with-dsym";
				ENABLE_NS_ASSERTIONS = NO;
				ENABLE_STRICT_OBJC_MSGSEND = YES;
				ENABLE_USER_SCRIPT_SANDBOXING = NO;
				GCC_C_LANGUAGE_STANDARD = gnu17;
				GCC_NO_COMMON_BLOCKS = YES;
				GCC_WARN_64_TO_32_BIT_CONVERSION = YES;
				GCC_WARN_ABOUT_RETURN_TYPE = YES_ERROR;
				GCC_WARN_UNDECLARED_SELECTOR = YES;
				GCC_WARN_UNINITIALIZED_AUTOS = YES_AGGRESSIVE;
				GCC_WARN_UNUSED_FUNCTION = YES;
				GCC_WARN_UNUSED_VARIABLE = YES;
				IPHONEOS_DEPLOYMENT_TARGET = 17.2;
				LOCALIZATION_PREFERS_STRING_CATALOGS = YES;
				MTL_ENABLE_DEBUG_INFO = NO;
				MTL_FAST_MATH = YES;
				SDKROOT = iphoneos;
				SWIFT_COMPILATION_MODE = wholemodule;
				VALIDATE_PRODUCT = YES;
			};
			name = Release;
		};
		1FDB49312BD4FED800945410 /* Debug */ = {
			isa = XCBuildConfiguration;
			baseConfigurationReference = 3E00FC59407309CBD2EDE41A /* Pods-keen_app.debug.xcconfig */;
			buildSettings = {
				ASSETCATALOG_COMPILER_APPICON_NAME = AppIcon;
				ASSETCATALOG_COMPILER_GLOBAL_ACCENT_COLOR_NAME = AccentColor;
				CODE_SIGN_STYLE = Automatic;
				CURRENT_PROJECT_VERSION = 1;
				DEVELOPMENT_ASSET_PATHS = "\"keen_app/Preview Content\"";
				ENABLE_PREVIEWS = YES;
				GENERATE_INFOPLIST_FILE = YES;
				INFOPLIST_KEY_UIApplicationSceneManifest_Generation = YES;
				INFOPLIST_KEY_UIApplicationSupportsIndirectInputEvents = YES;
				INFOPLIST_KEY_UILaunchScreen_Generation = YES;
				INFOPLIST_KEY_UISupportedInterfaceOrientations_iPad = "UIInterfaceOrientationPortrait UIInterfaceOrientationPortraitUpsideDown UIInterfaceOrientationLandscapeLeft UIInterfaceOrientationLandscapeRight";
				INFOPLIST_KEY_UISupportedInterfaceOrientations_iPhone = "UIInterfaceOrientationPortrait UIInterfaceOrientationLandscapeLeft UIInterfaceOrientationLandscapeRight";
				LD_RUNPATH_SEARCH_PATHS = (
					"$(inherited)",
					"@executable_path/Frameworks",
				);
				MARKETING_VERSION = 1.0;
				PRODUCT_BUNDLE_IDENTIFIER = "KEEN.keen-app";
				PRODUCT_NAME = "$(TARGET_NAME)";
				SWIFT_EMIT_LOC_STRINGS = YES;
				SWIFT_VERSION = 5.0;
				TARGETED_DEVICE_FAMILY = "1,2";
			};
			name = Debug;
		};
		1FDB49322BD4FED800945410 /* Release */ = {
			isa = XCBuildConfiguration;
			baseConfigurationReference = E36712E6ED1BEB6A4C3C4028 /* Pods-keen_app.release.xcconfig */;
			buildSettings = {
				ASSETCATALOG_COMPILER_APPICON_NAME = AppIcon;
				ASSETCATALOG_COMPILER_GLOBAL_ACCENT_COLOR_NAME = AccentColor;
				CODE_SIGN_STYLE = Automatic;
				CURRENT_PROJECT_VERSION = 1;
				DEVELOPMENT_ASSET_PATHS = "\"keen_app/Preview Content\"";
				ENABLE_PREVIEWS = YES;
				GENERATE_INFOPLIST_FILE = YES;
				INFOPLIST_KEY_UIApplicationSceneManifest_Generation = YES;
				INFOPLIST_KEY_UIApplicationSupportsIndirectInputEvents = YES;
				INFOPLIST_KEY_UILaunchScreen_Generation = YES;
				INFOPLIST_KEY_UISupportedInterfaceOrientations_iPad = "UIInterfaceOrientationPortrait UIInterfaceOrientationPortraitUpsideDown UIInterfaceOrientationLandscapeLeft UIInterfaceOrientationLandscapeRight";
				INFOPLIST_KEY_UISupportedInterfaceOrientations_iPhone = "UIInterfaceOrientationPortrait UIInterfaceOrientationLandscapeLeft UIInterfaceOrientationLandscapeRight";
				LD_RUNPATH_SEARCH_PATHS = (
					"$(inherited)",
					"@executable_path/Frameworks",
				);
				MARKETING_VERSION = 1.0;
				PRODUCT_BUNDLE_IDENTIFIER = "KEEN.keen-app";
				PRODUCT_NAME = "$(TARGET_NAME)";
				SWIFT_EMIT_LOC_STRINGS = YES;
				SWIFT_VERSION = 5.0;
				TARGETED_DEVICE_FAMILY = "1,2";
			};
			name = Release;
		};
		1FDB49342BD4FED800945410 /* Debug */ = {
			isa = XCBuildConfiguration;
			baseConfigurationReference = 76DC03338C34F3B4AA8B063A /* Pods-keen_appTests.debug.xcconfig */;
			buildSettings = {
				ALWAYS_EMBED_SWIFT_STANDARD_LIBRARIES = YES;
				BUNDLE_LOADER = "$(TEST_HOST)";
				CODE_SIGN_STYLE = Automatic;
				CURRENT_PROJECT_VERSION = 1;
				GENERATE_INFOPLIST_FILE = YES;
				IPHONEOS_DEPLOYMENT_TARGET = 17.2;
				MARKETING_VERSION = 1.0;
				PRODUCT_BUNDLE_IDENTIFIER = "KEEN.keen-appTests";
				PRODUCT_NAME = "$(TARGET_NAME)";
				SWIFT_EMIT_LOC_STRINGS = NO;
				SWIFT_VERSION = 5.0;
				TARGETED_DEVICE_FAMILY = "1,2";
				TEST_HOST = "$(BUILT_PRODUCTS_DIR)/keen_app.app/$(BUNDLE_EXECUTABLE_FOLDER_PATH)/keen_app";
			};
			name = Debug;
		};
		1FDB49352BD4FED800945410 /* Release */ = {
			isa = XCBuildConfiguration;
			baseConfigurationReference = F42C9DE372A484BB65202EC5 /* Pods-keen_appTests.release.xcconfig */;
			buildSettings = {
				ALWAYS_EMBED_SWIFT_STANDARD_LIBRARIES = YES;
				BUNDLE_LOADER = "$(TEST_HOST)";
				CODE_SIGN_STYLE = Automatic;
				CURRENT_PROJECT_VERSION = 1;
				GENERATE_INFOPLIST_FILE = YES;
				IPHONEOS_DEPLOYMENT_TARGET = 17.2;
				MARKETING_VERSION = 1.0;
				PRODUCT_BUNDLE_IDENTIFIER = "KEEN.keen-appTests";
				PRODUCT_NAME = "$(TARGET_NAME)";
				SWIFT_EMIT_LOC_STRINGS = NO;
				SWIFT_VERSION = 5.0;
				TARGETED_DEVICE_FAMILY = "1,2";
				TEST_HOST = "$(BUILT_PRODUCTS_DIR)/keen_app.app/$(BUNDLE_EXECUTABLE_FOLDER_PATH)/keen_app";
			};
			name = Release;
		};
		1FDB49372BD4FED800945410 /* Debug */ = {
			isa = XCBuildConfiguration;
			baseConfigurationReference = 02464AEE70208F65996D8C55 /* Pods-keen_app-keen_appUITests.debug.xcconfig */;
			buildSettings = {
				ALWAYS_EMBED_SWIFT_STANDARD_LIBRARIES = YES;
				CODE_SIGN_STYLE = Automatic;
				CURRENT_PROJECT_VERSION = 1;
				GENERATE_INFOPLIST_FILE = YES;
				MARKETING_VERSION = 1.0;
				PRODUCT_BUNDLE_IDENTIFIER = "KEEN.keen-appUITests";
				PRODUCT_NAME = "$(TARGET_NAME)";
				SWIFT_EMIT_LOC_STRINGS = NO;
				SWIFT_VERSION = 5.0;
				TARGETED_DEVICE_FAMILY = "1,2";
				TEST_TARGET_NAME = keen_app;
			};
			name = Debug;
		};
		1FDB49382BD4FED800945410 /* Release */ = {
			isa = XCBuildConfiguration;
			baseConfigurationReference = 16AFF9887F65FEFBB99FBFE5 /* Pods-keen_app-keen_appUITests.release.xcconfig */;
			buildSettings = {
				ALWAYS_EMBED_SWIFT_STANDARD_LIBRARIES = YES;
				CODE_SIGN_STYLE = Automatic;
				CURRENT_PROJECT_VERSION = 1;
				GENERATE_INFOPLIST_FILE = YES;
				MARKETING_VERSION = 1.0;
				PRODUCT_BUNDLE_IDENTIFIER = "KEEN.keen-appUITests";
				PRODUCT_NAME = "$(TARGET_NAME)";
				SWIFT_EMIT_LOC_STRINGS = NO;
				SWIFT_VERSION = 5.0;
				TARGETED_DEVICE_FAMILY = "1,2";
				TEST_TARGET_NAME = keen_app;
			};
			name = Release;
		};
/* End XCBuildConfiguration section */

/* Begin XCConfigurationList section */
		1FDB49072BD4FED600945410 /* Build configuration list for PBXProject "keen_app" */ = {
			isa = XCConfigurationList;
			buildConfigurations = (
				1FDB492E2BD4FED800945410 /* Debug */,
				1FDB492F2BD4FED800945410 /* Release */,
			);
			defaultConfigurationIsVisible = 0;
			defaultConfigurationName = Release;
		};
		1FDB49302BD4FED800945410 /* Build configuration list for PBXNativeTarget "keen_app" */ = {
			isa = XCConfigurationList;
			buildConfigurations = (
				1FDB49312BD4FED800945410 /* Debug */,
				1FDB49322BD4FED800945410 /* Release */,
			);
			defaultConfigurationIsVisible = 0;
			defaultConfigurationName = Release;
		};
		1FDB49332BD4FED800945410 /* Build configuration list for PBXNativeTarget "keen_appTests" */ = {
			isa = XCConfigurationList;
			buildConfigurations = (
				1FDB49342BD4FED800945410 /* Debug */,
				1FDB49352BD4FED800945410 /* Release */,
			);
			defaultConfigurationIsVisible = 0;
			defaultConfigurationName = Release;
		};
		1FDB49362BD4FED800945410 /* Build configuration list for PBXNativeTarget "keen_appUITests" */ = {
			isa = XCConfigurationList;
			buildConfigurations = (
				1FDB49372BD4FED800945410 /* Debug */,
				1FDB49382BD4FED800945410 /* Release */,
			);
			defaultConfigurationIsVisible = 0;
			defaultConfigurationName = Release;
		};
/* End XCConfigurationList section */
	};
	rootObject = 1FDB49042BD4FED600945410 /* Project object */;
}
